
Microsoft Visual Studio Solution File, Format Version 12.00
# Visual Studio 14
VisualStudioVersion = 14.0.23107.0
MinimumVisualStudioVersion = 10.0.40219.1
Project("{FAE04EC0-301F-11D3-BF4B-00C04F79EFBC}") = "01.ReverseNumbers", "01.ReverseNumbers\01.ReverseNumbers.csproj", "{C7D88435-6915-4D15-890F-66F1E1DDD7AF}"
EndProject
Project("{FAE04EC0-301F-11D3-BF4B-00C04F79EFBC}") = "02.CalculateSequence", "02.CalculateSequence\02.CalculateSequence.csproj", "{02511C59-E9A2-4577-9DE6-21AD2865859F}"
EndProject
Project("{FAE04EC0-301F-11D3-BF4B-00C04F79EFBC}") = "03.Array-BasedStack", "03.Array-BasedStack\03.Array-BasedStack.csproj", "{438BB802-FE4F-4BBD-8F28-128026B17B92}"
EndProject
Project("{FAE04EC0-301F-11D3-BF4B-00C04F79EFBC}") = "04.Array-BasedStackTests", "04.Array-BasedStackTests\04.Array-BasedStackTests.csproj", "{97096387-0499-4334-B6D3-69B9AC46C60F}"
EndProject
Project("{FAE04EC0-301F-11D3-BF4B-00C04F79EFBC}") = "06.LinkedStackTest", "06.LinkedStackTest\06.LinkedStackTest.csproj", "{3505CA63-4B94-4CC7-B207-487A8AE4E73F}"
EndProject
Project("{FAE04EC0-301F-11D3-BF4B-00C04F79EFBC}") = "07.LinkedQueue", "07.LinkedQueue\07.LinkedQueue.csproj", "{2BCB0EB7-CE23-4F43-8DF6-27DEA02E8119}"
EndProject
Project("{FAE04EC0-301F-11D3-BF4B-00C04F79EFBC}") = "05.LinkedStack", "05.LinkedStack\05.LinkedStack.csproj", "{21E740D7-C247-4B56-A38D-C932B9AAC818}"
EndProject
Project("{FAE04EC0-301F-11D3-BF4B-00C04F79EFBC}") = "08.LinkedQueueTest", "08.LinkedQueueTest\08.LinkedQueueTest.csproj", "{5A617FF7-69F0-40A8-9911-CDD4B61DD687}"
EndProject
Global
	GlobalSection(SolutionConfigurationPlatforms) = preSolution
		Debug|Any CPU = Debug|Any CPU
		Release|Any CPU = Release|Any CPU
	EndGlobalSection
	GlobalSection(ProjectConfigurationPlatforms) = postSolution
		{C7D88435-6915-4D15-890F-66F1E1DDD7AF}.Debug|Any CPU.ActiveCfg = Debug|Any CPU
		{C7D88435-6915-4D15-890F-66F1E1DDD7AF}.Debug|Any CPU.Build.0 = Debug|Any CPU
		{C7D88435-6915-4D15-890F-66F1E1DDD7AF}.Release|Any CPU.ActiveCfg = Release|Any CPU
		{C7D88435-6915-4D15-890F-66F1E1DDD7AF}.Release|Any CPU.Build.0 = Release|Any CPU
		{02511C59-E9A2-4577-9DE6-21AD2865859F}.Debug|Any CPU.ActiveCfg = Debug|Any CPU
		{02511C59-E9A2-4577-9DE6-21AD2865859F}.Debug|Any CPU.Build.0 = Debug|Any CPU
		{02511C59-E9A2-4577-9DE6-21AD2865859F}.Release|Any CPU.ActiveCfg = Release|Any CPU
		{02511C59-E9A2-4577-9DE6-21AD2865859F}.Release|Any CPU.Build.0 = Release|Any CPU
		{438BB802-FE4F-4BBD-8F28-128026B17B92}.Debug|Any CPU.ActiveCfg = Debug|Any CPU
		{438BB802-FE4F-4BBD-8F28-128026B17B92}.Debug|Any CPU.Build.0 = Debug|Any CPU
		{438BB802-FE4F-4BBD-8F28-128026B17B92}.Release|Any CPU.ActiveCfg = Release|Any CPU
		{438BB802-FE4F-4BBD-8F28-128026B17B92}.Release|Any CPU.Build.0 = Release|Any CPU
		{97096387-0499-4334-B6D3-69B9AC46C60F}.Debug|Any CPU.ActiveCfg = Debug|Any CPU
		{97096387-0499-4334-B6D3-69B9AC46C60F}.Debug|Any CPU.Build.0 = Debug|Any CPU
		{97096387-0499-4334-B6D3-69B9AC46C60F}.Release|Any CPU.ActiveCfg = Release|Any CPU
		{97096387-0499-4334-B6D3-69B9AC46C60F}.Release|Any CPU.Build.0 = Release|Any CPU
		{3505CA63-4B94-4CC7-B207-487A8AE4E73F}.Debug|Any CPU.ActiveCfg = Debug|Any CPU
		{3505CA63-4B94-4CC7-B207-487A8AE4E73F}.Debug|Any CPU.Build.0 = Debug|Any CPU
		{3505CA63-4B94-4CC7-B207-487A8AE4E73F}.Release|Any CPU.ActiveCfg = Release|Any CPU
		{3505CA63-4B94-4CC7-B207-487A8AE4E73F}.Release|Any CPU.Build.0 = Release|Any CPU
		{2BCB0EB7-CE23-4F43-8DF6-27DEA02E8119}.Debug|Any CPU.ActiveCfg = Debug|Any CPU
		{2BCB0EB7-CE23-4F43-8DF6-27DEA02E8119}.Debug|Any CPU.Build.0 = Debug|Any CPU
		{2BCB0EB7-CE23-4F43-8DF6-27DEA02E8119}.Release|Any CPU.ActiveCfg = Release|Any CPU
		{2BCB0EB7-CE23-4F43-8DF6-27DEA02E8119}.Release|Any CPU.Build.0 = Release|Any CPU
		{21E740D7-C247-4B56-A38D-C932B9AAC818}.Debug|Any CPU.ActiveCfg = Debug|Any CPU
		{21E740D7-C247-4B56-A38D-C932B9AAC818}.Debug|Any CPU.Build.0 = Debug|Any CPU
		{21E740D7-C247-4B56-A38D-C932B9AAC818}.Release|Any CPU.ActiveCfg = Release|Any CPU
		{21E740D7-C247-4B56-A38D-C932B9AAC818}.Release|Any CPU.Build.0 = Release|Any CPU
		{5A617FF7-69F0-40A8-9911-CDD4B61DD687}.Debug|Any CPU.ActiveCfg = Debug|Any CPU
		{5A617FF7-69F0-40A8-9911-CDD4B61DD687}.Debug|Any CPU.Build.0 = Debug|Any CPU
		{5A617FF7-69F0-40A8-9911-CDD4B61DD687}.Release|Any CPU.ActiveCfg = Release|Any CPU
		{5A617FF7-69F0-40A8-9911-CDD4B61DD687}.Release|Any CPU.Build.0 = Release|Any CPU
	EndGlobalSection
	GlobalSection(SolutionProperties) = preSolution
		HideSolutionNode = FALSE
	EndGlobalSection
EndGlobal
